{
  "nodes": {
    "mozillapkgs": {
      "flake": false,
      "locked": {
        "lastModified": 1629225446,
        "narHash": "sha256-HJX4Pc5ZUAg4apxB/XHuJ+6ukzvRQqeZMjscOBst2bA=",
        "owner": "mozilla",
        "repo": "nixpkgs-mozilla",
        "rev": "0510159186dd2ef46e5464484fbdf119393afa58",
        "type": "github"
      },
      "original": {
        "owner": "mozilla",
        "repo": "nixpkgs-mozilla",
        "type": "github"
      }
    },
    "naersk": {
      "inputs": {
        "nixpkgs": "nixpkgs"
      },
      "locked": {
        "lastModified": 1632266297,
        "narHash": "sha256-J1yeJk6Gud9ef2pEf6aKQemrfg1pVngYDSh+SAY94xk=",
        "owner": "nmattia",
        "repo": "naersk",
        "rev": "ee7edec50b49ab6d69b06d62f1de554efccb1ccd",
        "type": "github"
      },
      "original": {
        "owner": "nmattia",
        "repo": "naersk",
        "type": "github"
      }
    },
    "nixpkgs": {
      "locked": {
        "lastModified": 1632939532,
        "narHash": "sha256-xxW+carjgpPLVJlnVtdmlGe8tWbMfLmfws6EMymgApk=",
        "owner": "NixOS",
        "repo": "nixpkgs",
        "rev": "d32b07e6df276d78e3640eb43882b80c9b2b3459",
        "type": "github"
      },
      "original": {
        "id": "nixpkgs",
        "type": "indirect"
      }
    },
    "nixpkgs_2": {
      "locked": {
        "lastModified": 1632939532,
        "narHash": "sha256-xxW+carjgpPLVJlnVtdmlGe8tWbMfLmfws6EMymgApk=",
        "owner": "NixOS",
        "repo": "nixpkgs",
        "rev": "d32b07e6df276d78e3640eb43882b80c9b2b3459",
        "type": "github"
      },
      "original": {
        "id": "nixpkgs",
        "type": "indirect"
      }
    },
    "root": {
      "inputs": {
        "mozillapkgs": "mozillapkgs",
        "naersk": "naersk",
        "nixpkgs": "nixpkgs_2",
        "utils": "utils"
      }
    },
    "utils": {
      "locked": {
        "lastModified": 1631561581,
        "narHash": "sha256-3VQMV5zvxaVLvqqUrNz3iJelLw30mIVSfZmAaauM3dA=",
        "owner": "numtide",
        "repo": "flake-utils",
        "rev": "7e5bf3925f6fbdfaf50a2a7ca0be2879c4261d19",
        "type": "github"
      },
      "original": {
        "owner": "numtide",
        "repo": "flake-utils",
        "type": "github"
      }
    }
  },
  "root": "root",
  "version": 7
}
